
Microsoft Visual Studio Solution File, Format Version 12.00
# Visual Studio 14
VisualStudioVersion = 14.0.25420.1
MinimumVisualStudioVersion = 10.0.40219.1
Project("{FAE04EC0-301F-11D3-BF4B-00C04F79EFBC}") = "AdraDevTest", "AdraDevTest\AdraDevTest.csproj", "{E08396B2-98D1-4AC7-A182-75D492F15AB4}"
EndProject
Project("{FAE04EC0-301F-11D3-BF4B-00C04F79EFBC}") = "DataAccessLibrary", "DataAccessLibrary\DataAccessLibrary.csproj", "{568B111D-EC52-40A7-944E-0125FE967019}"
EndProject
Project("{FAE04EC0-301F-11D3-BF4B-00C04F79EFBC}") = "WebAPI", "WebAPI\WebAPI.csproj", "{BC4C7F62-9474-4377-BF54-DA7C89B52FCC}"
EndProject
Project("{FAE04EC0-301F-11D3-BF4B-00C04F79EFBC}") = "BusinessLayer", "BusinessLayer\BusinessLayer.csproj", "{24CA3656-10D7-4B7A-8B1A-2E2E6FA40172}"
EndProject
Project("{FAE04EC0-301F-11D3-BF4B-00C04F79EFBC}") = "EntityClasses", "EntityClasses\EntityClasses.csproj", "{4932CE4B-8E33-4FF2-A9AE-BA99FD458A18}"
EndProject
Project("{FAE04EC0-301F-11D3-BF4B-00C04F79EFBC}") = "AdraUnitTests", "AdraUnitTests\AdraUnitTests.csproj", "{032CBB33-45DB-44E8-96B0-A7C122C2FF7C}"
EndProject
Global
	GlobalSection(SolutionConfigurationPlatforms) = preSolution
		Debug|Any CPU = Debug|Any CPU
		Release|Any CPU = Release|Any CPU
	EndGlobalSection
	GlobalSection(ProjectConfigurationPlatforms) = postSolution
		{E08396B2-98D1-4AC7-A182-75D492F15AB4}.Debug|Any CPU.ActiveCfg = Debug|Any CPU
		{E08396B2-98D1-4AC7-A182-75D492F15AB4}.Debug|Any CPU.Build.0 = Debug|Any CPU
		{E08396B2-98D1-4AC7-A182-75D492F15AB4}.Release|Any CPU.ActiveCfg = Release|Any CPU
		{E08396B2-98D1-4AC7-A182-75D492F15AB4}.Release|Any CPU.Build.0 = Release|Any CPU
		{568B111D-EC52-40A7-944E-0125FE967019}.Debug|Any CPU.ActiveCfg = Debug|Any CPU
		{568B111D-EC52-40A7-944E-0125FE967019}.Debug|Any CPU.Build.0 = Debug|Any CPU
		{568B111D-EC52-40A7-944E-0125FE967019}.Release|Any CPU.ActiveCfg = Release|Any CPU
		{568B111D-EC52-40A7-944E-0125FE967019}.Release|Any CPU.Build.0 = Release|Any CPU
		{BC4C7F62-9474-4377-BF54-DA7C89B52FCC}.Debug|Any CPU.ActiveCfg = Debug|Any CPU
		{BC4C7F62-9474-4377-BF54-DA7C89B52FCC}.Debug|Any CPU.Build.0 = Debug|Any CPU
		{BC4C7F62-9474-4377-BF54-DA7C89B52FCC}.Release|Any CPU.ActiveCfg = Release|Any CPU
		{BC4C7F62-9474-4377-BF54-DA7C89B52FCC}.Release|Any CPU.Build.0 = Release|Any CPU
		{24CA3656-10D7-4B7A-8B1A-2E2E6FA40172}.Debug|Any CPU.ActiveCfg = Debug|Any CPU
		{24CA3656-10D7-4B7A-8B1A-2E2E6FA40172}.Debug|Any CPU.Build.0 = Debug|Any CPU
		{24CA3656-10D7-4B7A-8B1A-2E2E6FA40172}.Release|Any CPU.ActiveCfg = Release|Any CPU
		{24CA3656-10D7-4B7A-8B1A-2E2E6FA40172}.Release|Any CPU.Build.0 = Release|Any CPU
		{4932CE4B-8E33-4FF2-A9AE-BA99FD458A18}.Debug|Any CPU.ActiveCfg = Debug|Any CPU
		{4932CE4B-8E33-4FF2-A9AE-BA99FD458A18}.Debug|Any CPU.Build.0 = Debug|Any CPU
		{4932CE4B-8E33-4FF2-A9AE-BA99FD458A18}.Release|Any CPU.ActiveCfg = Release|Any CPU
		{4932CE4B-8E33-4FF2-A9AE-BA99FD458A18}.Release|Any CPU.Build.0 = Release|Any CPU
		{032CBB33-45DB-44E8-96B0-A7C122C2FF7C}.Debug|Any CPU.ActiveCfg = Debug|Any CPU
		{032CBB33-45DB-44E8-96B0-A7C122C2FF7C}.Debug|Any CPU.Build.0 = Debug|Any CPU
		{032CBB33-45DB-44E8-96B0-A7C122C2FF7C}.Release|Any CPU.ActiveCfg = Release|Any CPU
		{032CBB33-45DB-44E8-96B0-A7C122C2FF7C}.Release|Any CPU.Build.0 = Release|Any CPU
	EndGlobalSection
	GlobalSection(SolutionProperties) = preSolution
		HideSolutionNode = FALSE
	EndGlobalSection
	GlobalSection(ExtensibilityGlobals) = postSolution
		EnterpriseLibraryConfigurationToolBinariesPath = packages\Unity.2.1.505.0\lib\NET35
	EndGlobalSection
EndGlobal
